// !$*UTF8*$!
{
	archiveVersion = 1;
	classes = {
	};
	objectVersion = 50;
	objects = {

/* Begin PBXBuildFile section */
		18BDB6002216A761008CFB9F /* AppDelegate.m in Sources */ = {isa = PBXBuildFile; fileRef = 18BDB5FF2216A761008CFB9F /* AppDelegate.m */; };
		18BDB6032216A761008CFB9F /* ViewController.m in Sources */ = {isa = PBXBuildFile; fileRef = 18BDB6022216A761008CFB9F /* ViewController.m */; };
		18BDB6062216A761008CFB9F /* Main.storyboard in Resources */ = {isa = PBXBuildFile; fileRef = 18BDB6042216A761008CFB9F /* Main.storyboard */; };
		18BDB6082216A765008CFB9F /* Assets.xcassets in Resources */ = {isa = PBXBuildFile; fileRef = 18BDB6072216A765008CFB9F /* Assets.xcassets */; };
		18BDB60B2216A765008CFB9F /* LaunchScreen.storyboard in Resources */ = {isa = PBXBuildFile; fileRef = 18BDB6092216A765008CFB9F /* LaunchScreen.storyboard */; };
		18BDB60E2216A765008CFB9F /* main.m in Sources */ = {isa = PBXBuildFile; fileRef = 18BDB60D2216A765008CFB9F /* main.m */; };
		2C7245902217F4FC0081AC96 /* DGWaveLoadingView.m in Sources */ = {isa = PBXBuildFile; fileRef = 2C72458F2217F4FC0081AC96 /* DGWaveLoadingView.m */; };
		2C7245932217F52B0081AC96 /* DGLinkProxy.m in Sources */ = {isa = PBXBuildFile; fileRef = 2C7245922217F52B0081AC96 /* DGLinkProxy.m */; };
		2C7245962217F8DD0081AC96 /* DGTwoViewController.m in Sources */ = {isa = PBXBuildFile; fileRef = 2C7245952217F8DD0081AC96 /* DGTwoViewController.m */; };
/* End PBXBuildFile section */

/* Begin PBXFileReference section */
		18BDB5FB2216A761008CFB9F /* DGWaveLoadingDemo.app */ = {isa = PBXFileReference; explicitFileType = wrapper.application; includeInIndex = 0; path = DGWaveLoadingDemo.app; sourceTree = BUILT_PRODUCTS_DIR; };
		18BDB5FE2216A761008CFB9F /* AppDelegate.h */ = {isa = PBXFileReference; lastKnownFileType = sourcecode.c.h; path = AppDelegate.h; sourceTree = "<group>"; };
		18BDB5FF2216A761008CFB9F /* AppDelegate.m */ = {isa = PBXFileReference; lastKnownFileType = sourcecode.c.objc; path = AppDelegate.m; sourceTree = "<group>"; };
		18BDB6012216A761008CFB9F /* ViewController.h */ = {isa = PBXFileReference; lastKnownFileType = sourcecode.c.h; path = ViewController.h; sourceTree = "<group>"; };
		18BDB6022216A761008CFB9F /* ViewController.m */ = {isa = PBXFileReference; lastKnownFileType = sourcecode.c.objc; path = ViewController.m; sourceTree = "<group>"; };
		18BDB6052216A761008CFB9F /* Base */ = {isa = PBXFileReference; lastKnownFileType = file.storyboard; name = Base; path = Base.lproj/Main.storyboard; sourceTree = "<group>"; };
		18BDB6072216A765008CFB9F /* Assets.xcassets */ = {isa = PBXFileReference; lastKnownFileType = folder.assetcatalog; path = Assets.xcassets; sourceTree = "<group>"; };
		18BDB60A2216A765008CFB9F /* Base */ = {isa = PBXFileReference; lastKnownFileType = file.storyboard; name = Base; path = Base.lproj/LaunchScreen.storyboard; sourceTree = "<group>"; };
		18BDB60C2216A765008CFB9F /* Info.plist */ = {isa = PBXFileReference; lastKnownFileType = text.plist.xml; path = Info.plist; sourceTree = "<group>"; };
		18BDB60D2216A765008CFB9F /* main.m */ = {isa = PBXFileReference; lastKnownFileType = sourcecode.c.objc; path = main.m; sourceTree = "<group>"; };
		2C72458E2217F4FC0081AC96 /* DGWaveLoadingView.h */ = {isa = PBXFileReference; fileEncoding = 4; lastKnownFileType = sourcecode.c.h; path = DGWaveLoadingView.h; sourceTree = "<group>"; };
		2C72458F2217F4FC0081AC96 /* DGWaveLoadingView.m */ = {isa = PBXFileReference; fileEncoding = 4; lastKnownFileType = sourcecode.c.objc; path = DGWaveLoadingView.m; sourceTree = "<group>"; };
		2C7245912217F52B0081AC96 /* DGLinkProxy.h */ = {isa = PBXFileReference; lastKnownFileType = sourcecode.c.h; path = DGLinkProxy.h; sourceTree = "<group>"; };
		2C7245922217F52B0081AC96 /* DGLinkProxy.m */ = {isa = PBXFileReference; lastKnownFileType = sourcecode.c.objc; path = DGLinkProxy.m; sourceTree = "<group>"; };
		2C7245942217F8DD0081AC96 /* DGTwoViewController.h */ = {isa = PBXFileReference; lastKnownFileType = sourcecode.c.h; path = DGTwoViewController.h; sourceTree = "<group>"; };
		2C7245952217F8DD0081AC96 /* DGTwoViewController.m */ = {isa = PBXFileReference; lastKnownFileType = sourcecode.c.objc; path = DGTwoViewController.m; sourceTree = "<group>"; };
/* End PBXFileReference section */

/* Begin PBXFrameworksBuildPhase section */
		18BDB5F82216A761008CFB9F /* Frameworks */ = {
			isa = PBXFrameworksBuildPhase;
			buildActionMask = 2147483647;
			files = (
			);
			runOnlyForDeploymentPostprocessing = 0;
		};
/* End PBXFrameworksBuildPhase section */

/* Begin PBXGroup section */
		18BDB5F22216A761008CFB9F = {
			isa = PBXGroup;
			children = (
				18BDB5FD2216A761008CFB9F /* DGWaveLoadingDemo */,
				18BDB5FC2216A761008CFB9F /* Products */,
			);
			sourceTree = "<group>";
		};
		18BDB5FC2216A761008CFB9F /* Products */ = {
			isa = PBXGroup;
			children = (
				18BDB5FB2216A761008CFB9F /* DGWaveLoadingDemo.app */,
			);
			name = Products;
			sourceTree = "<group>";
		};
		18BDB5FD2216A761008CFB9F /* DGWaveLoadingDemo */ = {
			isa = PBXGroup;
			children = (
				18BDB5FE2216A761008CFB9F /* AppDelegate.h */,
				18BDB5FF2216A761008CFB9F /* AppDelegate.m */,
				18BDB6012216A761008CFB9F /* ViewController.h */,
				18BDB6022216A761008CFB9F /* ViewController.m */,
				2C7245942217F8DD0081AC96 /* DGTwoViewController.h */,
				2C7245952217F8DD0081AC96 /* DGTwoViewController.m */,
				2C72458D2217F4FC0081AC96 /* WaveLoadingTool */,
				18BDB6042216A761008CFB9F /* Main.storyboard */,
				18BDB6072216A765008CFB9F /* Assets.xcassets */,
				18BDB6092216A765008CFB9F /* LaunchScreen.storyboard */,
				18BDB60C2216A765008CFB9F /* Info.plist */,
				18BDB60D2216A765008CFB9F /* main.m */,
			);
			path = DGWaveLoadingDemo;
			sourceTree = "<group>";
		};
		2C72458D2217F4FC0081AC96 /* WaveLoadingTool */ = {
			isa = PBXGroup;
			children = (
				2C72458E2217F4FC0081AC96 /* DGWaveLoadingView.h */,
				2C72458F2217F4FC0081AC96 /* DGWaveLoadingView.m */,
				2C7245912217F52B0081AC96 /* DGLinkProxy.h */,
				2C7245922217F52B0081AC96 /* DGLinkProxy.m */,
			);
			path = WaveLoadingTool;
			sourceTree = "<group>";
		};
/* End PBXGroup section */

/* Begin PBXNativeTarget section */
		18BDB5FA2216A761008CFB9F /* DGWaveLoadingDemo */ = {
			isa = PBXNativeTarget;
			buildConfigurationList = 18BDB6112216A765008CFB9F /* Build configuration list for PBXNativeTarget "DGWaveLoadingDemo" */;
			buildPhases = (
				18BDB5F72216A761008CFB9F /* Sources */,
				18BDB5F82216A761008CFB9F /* Frameworks */,
				18BDB5F92216A761008CFB9F /* Resources */,
			);
			buildRules = (
			);
			dependencies = (
			);
			name = DGWaveLoadingDemo;
			productName = DGWaveLoadingDemo;
			productReference = 18BDB5FB2216A761008CFB9F /* DGWaveLoadingDemo.app */;
			productType = "com.apple.product-type.application";
		};
/* End PBXNativeTarget section */

/* Begin PBXProject section */
		18BDB5F32216A761008CFB9F /* Project object */ = {
			isa = PBXProject;
			attributes = {
				LastUpgradeCheck = 1010;
				ORGANIZATIONNAME = apple;
				TargetAttributes = {
					18BDB5FA2216A761008CFB9F = {
						CreatedOnToolsVersion = 10.1;
					};
				};
			};
			buildConfigurationList = 18BDB5F62216A761008CFB9F /* Build configuration list for PBXProject "DGWaveLoadingDemo" */;
			compatibilityVersion = "Xcode 9.3";
			developmentRegion = en;
			hasScannedForEncodings = 0;
			knownRegions = (
				en,
				Base,
			);
			mainGroup = 18BDB5F22216A761008CFB9F;
			productRefGroup = 18BDB5FC2216A761008CFB9F /* Products */;
			projectDirPath = "";
			projectRoot = "";
			targets = (
				18BDB5FA2216A761008CFB9F /* DGWaveLoadingDemo */,
			);
		};
/* End PBXProject section */

/* Begin PBXResourcesBuildPhase section */
		18BDB5F92216A761008CFB9F /* Resources */ = {
			isa = PBXResourcesBuildPhase;
			buildActionMask = 2147483647;
			files = (
				18BDB60B2216A765008CFB9F /* LaunchScreen.storyboard in Resources */,
				18BDB6082216A765008CFB9F /* Assets.xcassets in Resources */,
				18BDB6062216A761008CFB9F /* Main.storyboard in Resources */,
			);
			runOnlyForDeploymentPostprocessing = 0;
		};
/* End PBXResourcesBuildPhase section */

/* Begin PBXSourcesBuildPhase section */
		18BDB5F72216A761008CFB9F /* Sources */ = {
			isa = PBXSourcesBuildPhase;
			buildActionMask = 2147483647;
			files = (
				2C7245962217F8DD0081AC96 /* DGTwoViewController.m in Sources */,
				18BDB6032216A761008CFB9F /* ViewController.m in Sources */,
				18BDB60E2216A765008CFB9F /* main.m in Sources */,
				2C7245902217F4FC0081AC96 /* DGWaveLoadingView.m in Sources */,
				18BDB6002216A761008CFB9F /* AppDelegate.m in Sources */,
				2C7245932217F52B0081AC96 /* DGLinkProxy.m in Sources */,
			);
			runOnlyForDeploymentPostprocessing = 0;
		};
/* End PBXSourcesBuildPhase section */

/* Begin PBXVariantGroup section */
		18BDB6042216A761008CFB9F /* Main.storyboard */ = {
			isa = PBXVariantGroup;
			children = (
				18BDB6052216A761008CFB9F /* Base */,
			);
			name = Main.storyboard;
			sourceTree = "<group>";
		};
		18BDB6092216A765008CFB9F /* LaunchScreen.storyboard */ = {
			isa = PBXVariantGroup;
			children = (
				18BDB60A2216A765008CFB9F /* Base */,
			);
			name = LaunchScreen.storyboard;
			sourceTree = "<group>";
		};
/* End PBXVariantGroup section */

/* Begin XCBuildConfiguration section */
		18BDB60F2216A765008CFB9F /* Debug */ = {
			isa = XCBuildConfiguration;
			buildSettings = {
				ALWAYS_SEARCH_USER_PATHS = NO;
				CLANG_ANALYZER_NONNULL = YES;
				CLANG_ANALYZER_NUMBER_OBJECT_CONVERSION = YES_AGGRESSIVE;
				CLANG_CXX_LANGUAGE_STANDARD = "gnu++14";
				CLANG_CXX_LIBRARY = "libc++";
				CLANG_ENABLE_MODULES = YES;
				CLANG_ENABLE_OBJC_ARC = YES;
				CLANG_ENABLE_OBJC_WEAK = YES;
				CLANG_WARN_BLOCK_CAPTURE_AUTORELEASING = YES;
				CLANG_WARN_BOOL_CONVERSION = YES;
				CLANG_WARN_COMMA = YES;
				CLANG_WARN_CONSTANT_CONVERSION = YES;
				CLANG_WARN_DEPRECATED_OBJC_IMPLEMENTATIONS = YES;
				CLANG_WARN_DIRECT_OBJC_ISA_USAGE = YES_ERROR;
				CLANG_WARN_DOCUMENTATION_COMMENTS = YES;
				CLANG_WARN_EMPTY_BODY = YES;
				CLANG_WARN_ENUM_CONVERSION = YES;
				CLANG_WARN_INFINITE_RECURSION = YES;
				CLANG_WARN_INT_CONVERSION = YES;
				CLANG_WARN_NON_LITERAL_NULL_CONVERSION = YES;
				CLANG_WARN_OBJC_IMPLICIT_RETAIN_SELF = YES;
				CLANG_WARN_OBJC_LITERAL_CONVERSION = YES;
				CLANG_WARN_OBJC_ROOT_CLASS = YES_ERROR;
				CLANG_WARN_RANGE_LOOP_ANALYSIS = YES;
				CLANG_WARN_STRICT_PROTOTYPES = YES;
				CLANG_WARN_SUSPICIOUS_MOVE = YES;
				CLANG_WARN_UNGUARDED_AVAILABILITY = YES_AGGRESSIVE;
				CLANG_WARN_UNREACHABLE_CODE = YES;
				CLANG_WARN__DUPLICATE_METHOD_MATCH = YES;
				CODE_SIGN_IDENTITY = "iPhone Developer";
				COPY_PHASE_STRIP = NO;
				DEBUG_INFORMATION_FORMAT = dwarf;
				ENABLE_STRICT_OBJC_MSGSEND = YES;
				ENABLE_TESTABILITY = YES;
				GCC_C_LANGUAGE_STANDARD = gnu11;
				GCC_DYNAMIC_NO_PIC = NO;
				GCC_NO_COMMON_BLOCKS = YES;
				GCC_OPTIMIZATION_LEVEL = 0;
				GCC_PREPROCESSOR_DEFINITIONS = (
					"DEBUG=1",
					"$(inherited)",
				);
				GCC_WARN_64_TO_32_BIT_CONVERSION = YES;
				GCC_WARN_ABOUT_RETURN_TYPE = YES_ERROR;
				GCC_WARN_UNDECLARED_SELECTOR = YES;
				GCC_WARN_UNINITIALIZED_AUTOS = YES_AGGRESSIVE;
				GCC_WARN_UNUSED_FUNCTION = YES;
				GCC_WARN_UNUSED_VARIABLE = YES;
				IPHONEOS_DEPLOYMENT_TARGET = 12.1;
				MTL_ENABLE_DEBUG_INFO = INCLUDE_SOURCE;
				MTL_FAST_MATH = YES;
				ONLY_ACTIVE_ARCH = YES;
				SDKROOT = iphoneos;
			};
			name = Debug;
		};
		18BDB6102216A765008CFB9F /* Release */ = {
			isa = XCBuildConfiguration;
			buildSettings = {
				ALWAYS_SEARCH_USER_PATHS = NO;
				CLANG_ANALYZER_NONNULL = YES;
				CLANG_ANALYZER_NUMBER_OBJECT_CONVERSION = YES_AGGRESSIVE;
				CLANG_CXX_LANGUAGE_STANDARD = "gnu++14";
				CLANG_CXX_LIBRARY = "libc++";
				CLANG_ENABLE_MODULES = YES;
				CLANG_ENABLE_OBJC_ARC = YES;
				CLANG_ENABLE_OBJC_WEAK = YES;
				CLANG_WARN_BLOCK_CAPTURE_AUTORELEASING = YES;
				CLANG_WARN_BOOL_CONVERSION = YES;
				CLANG_WARN_COMMA = YES;
				CLANG_WARN_CONSTANT_CONVERSION = YES;
				CLANG_WARN_DEPRECATED_OBJC_IMPLEMENTATIONS = YES;
				CLANG_WARN_DIRECT_OBJC_ISA_USAGE = YES_ERROR;
				CLANG_WARN_DOCUMENTATION_COMMENTS = YES;
				CLANG_WARN_EMPTY_BODY = YES;
				CLANG_WARN_ENUM_CONVERSION = YES;
				CLANG_WARN_INFINITE_RECURSION = YES;
				CLANG_WARN_INT_CONVERSION = YES;
				CLANG_WARN_NON_LITERAL_NULL_CONVERSION = YES;
				CLANG_WARN_OBJC_IMPLICIT_RETAIN_SELF = YES;
				CLANG_WARN_OBJC_LITERAL_CONVERSION = YES;
				CLANG_WARN_OBJC_ROOT_CLASS = YES_ERROR;
				CLANG_WARN_RANGE_LOOP_ANALYSIS = YES;
				CLANG_WARN_STRICT_PROTOTYPES = YES;
				CLANG_WARN_SUSPICIOUS_MOVE = YES;
				CLANG_WARN_UNGUARDED_AVAILABILITY = YES_AGGRESSIVE;
				CLANG_WARN_UNREACHABLE_CODE = YES;
				CLANG_WARN__DUPLICATE_METHOD_MATCH = YES;
				CODE_SIGN_IDENTITY = "iPhone Developer";
				COPY_PHASE_STRIP = NO;
				DEBUG_INFORMATION_FORMAT = "dwarf-with-dsym";
				ENABLE_NS_ASSERTIONS = NO;
				ENABLE_STRICT_OBJC_MSGSEND = YES;
				GCC_C_LANGUAGE_STANDARD = gnu11;
				GCC_NO_COMMON_BLOCKS = YES;
				GCC_WARN_64_TO_32_BIT_CONVERSION = YES;
				GCC_WARN_ABOUT_RETURN_TYPE = YES_ERROR;
				GCC_WARN_UNDECLARED_SELECTOR = YES;
				GCC_WARN_UNINITIALIZED_AUTOS = YES_AGGRESSIVE;
				GCC_WARN_UNUSED_FUNCTION = YES;
				GCC_WARN_UNUSED_VARIABLE = YES;
				IPHONEOS_DEPLOYMENT_TARGET = 12.1;
				MTL_ENABLE_DEBUG_INFO = NO;
				MTL_FAST_MATH = YES;
				SDKROOT = iphoneos;
				VALIDATE_PRODUCT = YES;
			};
			name = Release;
		};
		18BDB6122216A765008CFB9F /* Debug */ = {
			isa = XCBuildConfiguration;
			buildSettings = {
				ASSETCATALOG_COMPILER_APPICON_NAME = AppIcon;
				CODE_SIGN_STYLE = Automatic;
				INFOPLIST_FILE = DGWaveLoadingDemo/Info.plist;
				IPHONEOS_DEPLOYMENT_TARGET = 10.0;
				LD_RUNPATH_SEARCH_PATHS = (
					"$(inherited)",
					"@executable_path/Frameworks",
				);
				PRODUCT_BUNDLE_IDENTIFIER = com.my.computer.ABC.DGWaveLoadingDemo;
				PRODUCT_NAME = "$(TARGET_NAME)";
				TARGETED_DEVICE_FAMILY = "1,2";
			};
			name = Debug;
		};
		18BDB6132216A765008CFB9F /* Release */ = {
			isa = XCBuildConfiguration;
			buildSettings = {
				ASSETCATALOG_COMPILER_APPICON_NAME = AppIcon;
				CODE_SIGN_STYLE = Automatic;
				INFOPLIST_FILE = DGWaveLoadingDemo/Info.plist;
				IPHONEOS_DEPLOYMENT_TARGET = 10.0;
				LD_RUNPATH_SEARCH_PATHS = (
					"$(inherited)",
					"@executable_path/Frameworks",
				);
				PRODUCT_BUNDLE_IDENTIFIER = com.my.computer.ABC.DGWaveLoadingDemo;
				PRODUCT_NAME = "$(TARGET_NAME)";
				TARGETED_DEVICE_FAMILY = "1,2";
			};
			name = Release;
		};
/* End XCBuildConfiguration section */

/* Begin XCConfigurationList section */
		18BDB5F62216A761008CFB9F /* Build configuration list for PBXProject "DGWaveLoadingDemo" */ = {
			isa = XCConfigurationList;
			buildConfigurations = (
				18BDB60F2216A765008CFB9F /* Debug */,
				18BDB6102216A765008CFB9F /* Release */,
			);
			defaultConfigurationIsVisible = 0;
			defaultConfigurationName = Release;
		};
		18BDB6112216A765008CFB9F /* Build configuration list for PBXNativeTarget "DGWaveLoadingDemo" */ = {
			isa = XCConfigurationList;
			buildConfigurations = (
				18BDB6122216A765008CFB9F /* Debug */,
				18BDB6132216A765008CFB9F /* Release */,
			);
			defaultConfigurationIsVisible = 0;
			defaultConfigurationName = Release;
		};
/* End XCConfigurationList section */
	};
	rootObject = 18BDB5F32216A761008CFB9F /* Project object */;
}
